
Microsoft Visual Studio Solution File, Format Version 12.00
# Visual Studio 15
VisualStudioVersion = 15.0.28307.421
MinimumVisualStudioVersion = 10.0.40219.1
Project("{FAE04EC0-301F-11D3-BF4B-00C04F79EFBC}") = "DirMaker", "DirMaker\DirMaker.csproj", "{37648D3B-5C99-4554-BCB4-7916057FE1C0}"
EndProject
Global
	GlobalSection(SolutionConfigurationPlatforms) = preSolution
		Debug|Any CPU = Debug|Any CPU
		Release|Any CPU = Release|Any CPU
	EndGlobalSection
	GlobalSection(ProjectConfigurationPlatforms) = postSolution
		{37648D3B-5C99-4554-BCB4-7916057FE1C0}.Debug|Any CPU.ActiveCfg = Debug|Any CPU
		{37648D3B-5C99-4554-BCB4-7916057FE1C0}.Debug|Any CPU.Build.0 = Debug|Any CPU
		{37648D3B-5C99-4554-BCB4-7916057FE1C0}.Release|Any CPU.ActiveCfg = Release|Any CPU
		{37648D3B-5C99-4554-BCB4-7916057FE1C0}.Release|Any CPU.Build.0 = Release|Any CPU
	EndGlobalSection
	GlobalSection(SolutionProperties) = preSolution
		HideSolutionNode = FALSE
	EndGlobalSection
	GlobalSection(ExtensibilityGlobals) = postSolution
		SolutionGuid = {55795B69-8FFE-43D8-9E47-5D3579D5DCF2}
	EndGlobalSection
EndGlobal
